// !$*UTF8*$!
{
	archiveVersion = 1;
	classes = {
	};
	objectVersion = 55;
	objects = {

/* Begin PBXBuildFile section */
		FC9779A8272593DF0087A89D /* PhotosTableViewController.swift in Sources */ = {isa = PBXBuildFile; fileRef = FC9779A7272593DF0087A89D /* PhotosTableViewController.swift */; };
		FC9779AA272596C40087A89D /* PhotoModel.swift in Sources */ = {isa = PBXBuildFile; fileRef = FC9779A9272596C40087A89D /* PhotoModel.swift */; };
		FC9779AF272598240087A89D /* AlbumModel.swift in Sources */ = {isa = PBXBuildFile; fileRef = FC9779AE272598240087A89D /* AlbumModel.swift */; };
		FC9779B5272602E20087A89D /* PhotoTableViewCell.swift in Sources */ = {isa = PBXBuildFile; fileRef = FC9779B3272602E20087A89D /* PhotoTableViewCell.swift */; };
		FC9779B6272602E20087A89D /* PhotoTableViewCell.xib in Resources */ = {isa = PBXBuildFile; fileRef = FC9779B4272602E20087A89D /* PhotoTableViewCell.xib */; };
		FCCCB4232723340500EB9C1B /* AppDelegate.swift in Sources */ = {isa = PBXBuildFile; fileRef = FCCCB4222723340500EB9C1B /* AppDelegate.swift */; };
		FCCCB4252723340500EB9C1B /* SceneDelegate.swift in Sources */ = {isa = PBXBuildFile; fileRef = FCCCB4242723340500EB9C1B /* SceneDelegate.swift */; };
		FCCCB42A2723340500EB9C1B /* Main.storyboard in Resources */ = {isa = PBXBuildFile; fileRef = FCCCB4282723340500EB9C1B /* Main.storyboard */; };
		FCCCB42C2723340B00EB9C1B /* Assets.xcassets in Resources */ = {isa = PBXBuildFile; fileRef = FCCCB42B2723340B00EB9C1B /* Assets.xcassets */; };
		FCCCB42F2723340B00EB9C1B /* LaunchScreen.storyboard in Resources */ = {isa = PBXBuildFile; fileRef = FCCCB42D2723340B00EB9C1B /* LaunchScreen.storyboard */; };
		FCCCB43727236E8500EB9C1B /* UsersTableViewController.swift in Sources */ = {isa = PBXBuildFile; fileRef = FCCCB43627236E8500EB9C1B /* UsersTableViewController.swift */; };
		FCCCB439272372FE00EB9C1B /* NetworkService.swift in Sources */ = {isa = PBXBuildFile; fileRef = FCCCB438272372FE00EB9C1B /* NetworkService.swift */; };
		FCCCB43B27237A3E00EB9C1B /* UserModel.swift in Sources */ = {isa = PBXBuildFile; fileRef = FCCCB43A27237A3E00EB9C1B /* UserModel.swift */; };
/* End PBXBuildFile section */

/* Begin PBXFileReference section */
		FC9779A7272593DF0087A89D /* PhotosTableViewController.swift */ = {isa = PBXFileReference; lastKnownFileType = sourcecode.swift; path = PhotosTableViewController.swift; sourceTree = "<group>"; };
		FC9779A9272596C40087A89D /* PhotoModel.swift */ = {isa = PBXFileReference; lastKnownFileType = sourcecode.swift; path = PhotoModel.swift; sourceTree = "<group>"; };
		FC9779AE272598240087A89D /* AlbumModel.swift */ = {isa = PBXFileReference; lastKnownFileType = sourcecode.swift; path = AlbumModel.swift; sourceTree = "<group>"; };
		FC9779B3272602E20087A89D /* PhotoTableViewCell.swift */ = {isa = PBXFileReference; lastKnownFileType = sourcecode.swift; path = PhotoTableViewCell.swift; sourceTree = "<group>"; };
		FC9779B4272602E20087A89D /* PhotoTableViewCell.xib */ = {isa = PBXFileReference; lastKnownFileType = file.xib; path = PhotoTableViewCell.xib; sourceTree = "<group>"; };
		FCCCB41F2723340500EB9C1B /* JSONPlaceholderTest.app */ = {isa = PBXFileReference; explicitFileType = wrapper.application; includeInIndex = 0; path = JSONPlaceholderTest.app; sourceTree = BUILT_PRODUCTS_DIR; };
		FCCCB4222723340500EB9C1B /* AppDelegate.swift */ = {isa = PBXFileReference; lastKnownFileType = sourcecode.swift; path = AppDelegate.swift; sourceTree = "<group>"; };
		FCCCB4242723340500EB9C1B /* SceneDelegate.swift */ = {isa = PBXFileReference; lastKnownFileType = sourcecode.swift; path = SceneDelegate.swift; sourceTree = "<group>"; };
		FCCCB4292723340500EB9C1B /* Base */ = {isa = PBXFileReference; lastKnownFileType = file.storyboard; name = Base; path = Base.lproj/Main.storyboard; sourceTree = "<group>"; };
		FCCCB42B2723340B00EB9C1B /* Assets.xcassets */ = {isa = PBXFileReference; lastKnownFileType = folder.assetcatalog; path = Assets.xcassets; sourceTree = "<group>"; };
		FCCCB42E2723340B00EB9C1B /* Base */ = {isa = PBXFileReference; lastKnownFileType = file.storyboard; name = Base; path = Base.lproj/LaunchScreen.storyboard; sourceTree = "<group>"; };
		FCCCB4302723340B00EB9C1B /* Info.plist */ = {isa = PBXFileReference; lastKnownFileType = text.plist.xml; path = Info.plist; sourceTree = "<group>"; };
		FCCCB43627236E8500EB9C1B /* UsersTableViewController.swift */ = {isa = PBXFileReference; lastKnownFileType = sourcecode.swift; path = UsersTableViewController.swift; sourceTree = "<group>"; };
		FCCCB438272372FE00EB9C1B /* NetworkService.swift */ = {isa = PBXFileReference; lastKnownFileType = sourcecode.swift; path = NetworkService.swift; sourceTree = "<group>"; };
		FCCCB43A27237A3E00EB9C1B /* UserModel.swift */ = {isa = PBXFileReference; lastKnownFileType = sourcecode.swift; path = UserModel.swift; sourceTree = "<group>"; };
/* End PBXFileReference section */

/* Begin PBXFrameworksBuildPhase section */
		FCCCB41C2723340500EB9C1B /* Frameworks */ = {
			isa = PBXFrameworksBuildPhase;
			buildActionMask = 2147483647;
			files = (
			);
			runOnlyForDeploymentPostprocessing = 0;
		};
/* End PBXFrameworksBuildPhase section */

/* Begin PBXGroup section */
		FC9779AB272596E00087A89D /* Models */ = {
			isa = PBXGroup;
			children = (
				FC9779B0272601110087A89D /* Cell */,
				FCCCB43A27237A3E00EB9C1B /* UserModel.swift */,
				FC9779AE272598240087A89D /* AlbumModel.swift */,
				FC9779A9272596C40087A89D /* PhotoModel.swift */,
			);
			path = Models;
			sourceTree = "<group>";
		};
		FC9779AC272596ED0087A89D /* Controllers */ = {
			isa = PBXGroup;
			children = (
				FCCCB43627236E8500EB9C1B /* UsersTableViewController.swift */,
				FC9779A7272593DF0087A89D /* PhotosTableViewController.swift */,
			);
			path = Controllers;
			sourceTree = "<group>";
		};
		FC9779AD272596FB0087A89D /* Service */ = {
			isa = PBXGroup;
			children = (
				FCCCB438272372FE00EB9C1B /* NetworkService.swift */,
			);
			path = Service;
			sourceTree = "<group>";
		};
		FC9779B0272601110087A89D /* Cell */ = {
			isa = PBXGroup;
			children = (
				FC9779B3272602E20087A89D /* PhotoTableViewCell.swift */,
				FC9779B4272602E20087A89D /* PhotoTableViewCell.xib */,
			);
			path = Cell;
			sourceTree = "<group>";
		};
		FCCCB4162723340500EB9C1B = {
			isa = PBXGroup;
			children = (
				FCCCB4212723340500EB9C1B /* JSONPlaceholderTest */,
				FCCCB4202723340500EB9C1B /* Products */,
			);
			sourceTree = "<group>";
		};
		FCCCB4202723340500EB9C1B /* Products */ = {
			isa = PBXGroup;
			children = (
				FCCCB41F2723340500EB9C1B /* JSONPlaceholderTest.app */,
			);
			name = Products;
			sourceTree = "<group>";
		};
		FCCCB4212723340500EB9C1B /* JSONPlaceholderTest */ = {
			isa = PBXGroup;
			children = (
				FCCCB4222723340500EB9C1B /* AppDelegate.swift */,
				FCCCB4242723340500EB9C1B /* SceneDelegate.swift */,
				FC9779AD272596FB0087A89D /* Service */,
				FC9779AB272596E00087A89D /* Models */,
				FCCCB4282723340500EB9C1B /* Main.storyboard */,
				FC9779AC272596ED0087A89D /* Controllers */,
				FCCCB42B2723340B00EB9C1B /* Assets.xcassets */,
				FCCCB42D2723340B00EB9C1B /* LaunchScreen.storyboard */,
				FCCCB4302723340B00EB9C1B /* Info.plist */,
			);
			path = JSONPlaceholderTest;
			sourceTree = "<group>";
		};
/* End PBXGroup section */

/* Begin PBXNativeTarget section */
		FCCCB41E2723340500EB9C1B /* JSONPlaceholderTest */ = {
			isa = PBXNativeTarget;
			buildConfigurationList = FCCCB4332723340B00EB9C1B /* Build configuration list for PBXNativeTarget "JSONPlaceholderTest" */;
			buildPhases = (
				FCCCB41B2723340500EB9C1B /* Sources */,
				FCCCB41C2723340500EB9C1B /* Frameworks */,
				FCCCB41D2723340500EB9C1B /* Resources */,
			);
			buildRules = (
			);
			dependencies = (
			);
			name = JSONPlaceholderTest;
			productName = JSONPlaceholderTest;
			productReference = FCCCB41F2723340500EB9C1B /* JSONPlaceholderTest.app */;
			productType = "com.apple.product-type.application";
		};
/* End PBXNativeTarget section */

/* Begin PBXProject section */
		FCCCB4172723340500EB9C1B /* Project object */ = {
			isa = PBXProject;
			attributes = {
				BuildIndependentTargetsInParallel = 1;
				LastSwiftUpdateCheck = 1300;
				LastUpgradeCheck = 1300;
				TargetAttributes = {
					FCCCB41E2723340500EB9C1B = {
						CreatedOnToolsVersion = 13.0;
					};
				};
			};
			buildConfigurationList = FCCCB41A2723340500EB9C1B /* Build configuration list for PBXProject "JSONPlaceholderTest" */;
			compatibilityVersion = "Xcode 13.0";
			developmentRegion = en;
			hasScannedForEncodings = 0;
			knownRegions = (
				en,
				Base,
			);
			mainGroup = FCCCB4162723340500EB9C1B;
			productRefGroup = FCCCB4202723340500EB9C1B /* Products */;
			projectDirPath = "";
			projectRoot = "";
			targets = (
				FCCCB41E2723340500EB9C1B /* JSONPlaceholderTest */,
			);
		};
/* End PBXProject section */

/* Begin PBXResourcesBuildPhase section */
		FCCCB41D2723340500EB9C1B /* Resources */ = {
			isa = PBXResourcesBuildPhase;
			buildActionMask = 2147483647;
			files = (
				FCCCB42F2723340B00EB9C1B /* LaunchScreen.storyboard in Resources */,
				FC9779B6272602E20087A89D /* PhotoTableViewCell.xib in Resources */,
				FCCCB42C2723340B00EB9C1B /* Assets.xcassets in Resources */,
				FCCCB42A2723340500EB9C1B /* Main.storyboard in Resources */,
			);
			runOnlyForDeploymentPostprocessing = 0;
		};
/* End PBXResourcesBuildPhase section */

/* Begin PBXSourcesBuildPhase section */
		FCCCB41B2723340500EB9C1B /* Sources */ = {
			isa = PBXSourcesBuildPhase;
			buildActionMask = 2147483647;
			files = (
				FC9779AA272596C40087A89D /* PhotoModel.swift in Sources */,
				FC9779AF272598240087A89D /* AlbumModel.swift in Sources */,
				FCCCB4232723340500EB9C1B /* AppDelegate.swift in Sources */,
				FCCCB4252723340500EB9C1B /* SceneDelegate.swift in Sources */,
				FC9779A8272593DF0087A89D /* PhotosTableViewController.swift in Sources */,
				FC9779B5272602E20087A89D /* PhotoTableViewCell.swift in Sources */,
				FCCCB439272372FE00EB9C1B /* NetworkService.swift in Sources */,
				FCCCB43B27237A3E00EB9C1B /* UserModel.swift in Sources */,
				FCCCB43727236E8500EB9C1B /* UsersTableViewController.swift in Sources */,
			);
			runOnlyForDeploymentPostprocessing = 0;
		};
/* End PBXSourcesBuildPhase section */

/* Begin PBXVariantGroup section */
		FCCCB4282723340500EB9C1B /* Main.storyboard */ = {
			isa = PBXVariantGroup;
			children = (
				FCCCB4292723340500EB9C1B /* Base */,
			);
			name = Main.storyboard;
			sourceTree = "<group>";
		};
		FCCCB42D2723340B00EB9C1B /* LaunchScreen.storyboard */ = {
			isa = PBXVariantGroup;
			children = (
				FCCCB42E2723340B00EB9C1B /* Base */,
			);
			name = LaunchScreen.storyboard;
			sourceTree = "<group>";
		};
/* End PBXVariantGroup section */

/* Begin XCBuildConfiguration section */
		FCCCB4312723340B00EB9C1B /* Debug */ = {
			isa = XCBuildConfiguration;
			buildSettings = {
				ALWAYS_SEARCH_USER_PATHS = NO;
				CLANG_ANALYZER_NONNULL = YES;
				CLANG_ANALYZER_NUMBER_OBJECT_CONVERSION = YES_AGGRESSIVE;
				CLANG_CXX_LANGUAGE_STANDARD = "gnu++17";
				CLANG_CXX_LIBRARY = "libc++";
				CLANG_ENABLE_MODULES = YES;
				CLANG_ENABLE_OBJC_ARC = YES;
				CLANG_ENABLE_OBJC_WEAK = YES;
				CLANG_WARN_BLOCK_CAPTURE_AUTORELEASING = YES;
				CLANG_WARN_BOOL_CONVERSION = YES;
				CLANG_WARN_COMMA = YES;
				CLANG_WARN_CONSTANT_CONVERSION = YES;
				CLANG_WARN_DEPRECATED_OBJC_IMPLEMENTATIONS = YES;
				CLANG_WARN_DIRECT_OBJC_ISA_USAGE = YES_ERROR;
				CLANG_WARN_DOCUMENTATION_COMMENTS = YES;
				CLANG_WARN_EMPTY_BODY = YES;
				CLANG_WARN_ENUM_CONVERSION = YES;
				CLANG_WARN_INFINITE_RECURSION = YES;
				CLANG_WARN_INT_CONVERSION = YES;
				CLANG_WARN_NON_LITERAL_NULL_CONVERSION = YES;
				CLANG_WARN_OBJC_IMPLICIT_RETAIN_SELF = YES;
				CLANG_WARN_OBJC_LITERAL_CONVERSION = YES;
				CLANG_WARN_OBJC_ROOT_CLASS = YES_ERROR;
				CLANG_WARN_QUOTED_INCLUDE_IN_FRAMEWORK_HEADER = YES;
				CLANG_WARN_RANGE_LOOP_ANALYSIS = YES;
				CLANG_WARN_STRICT_PROTOTYPES = YES;
				CLANG_WARN_SUSPICIOUS_MOVE = YES;
				CLANG_WARN_UNGUARDED_AVAILABILITY = YES_AGGRESSIVE;
				CLANG_WARN_UNREACHABLE_CODE = YES;
				CLANG_WARN__DUPLICATE_METHOD_MATCH = YES;
				COPY_PHASE_STRIP = NO;
				DEBUG_INFORMATION_FORMAT = dwarf;
				ENABLE_STRICT_OBJC_MSGSEND = YES;
				ENABLE_TESTABILITY = YES;
				GCC_C_LANGUAGE_STANDARD = gnu11;
				GCC_DYNAMIC_NO_PIC = NO;
				GCC_NO_COMMON_BLOCKS = YES;
				GCC_OPTIMIZATION_LEVEL = 0;
				GCC_PREPROCESSOR_DEFINITIONS = (
					"DEBUG=1",
					"$(inherited)",
				);
				GCC_WARN_64_TO_32_BIT_CONVERSION = YES;
				GCC_WARN_ABOUT_RETURN_TYPE = YES_ERROR;
				GCC_WARN_UNDECLARED_SELECTOR = YES;
				GCC_WARN_UNINITIALIZED_AUTOS = YES_AGGRESSIVE;
				GCC_WARN_UNUSED_FUNCTION = YES;
				GCC_WARN_UNUSED_VARIABLE = YES;
				IPHONEOS_DEPLOYMENT_TARGET = 15.0;
				MTL_ENABLE_DEBUG_INFO = INCLUDE_SOURCE;
				MTL_FAST_MATH = YES;
				ONLY_ACTIVE_ARCH = YES;
				SDKROOT = iphoneos;
				SWIFT_ACTIVE_COMPILATION_CONDITIONS = DEBUG;
				SWIFT_OPTIMIZATION_LEVEL = "-Onone";
			};
			name = Debug;
		};
		FCCCB4322723340B00EB9C1B /* Release */ = {
			isa = XCBuildConfiguration;
			buildSettings = {
				ALWAYS_SEARCH_USER_PATHS = NO;
				CLANG_ANALYZER_NONNULL = YES;
				CLANG_ANALYZER_NUMBER_OBJECT_CONVERSION = YES_AGGRESSIVE;
				CLANG_CXX_LANGUAGE_STANDARD = "gnu++17";
				CLANG_CXX_LIBRARY = "libc++";
				CLANG_ENABLE_MODULES = YES;
				CLANG_ENABLE_OBJC_ARC = YES;
				CLANG_ENABLE_OBJC_WEAK = YES;
				CLANG_WARN_BLOCK_CAPTURE_AUTORELEASING = YES;
				CLANG_WARN_BOOL_CONVERSION = YES;
				CLANG_WARN_COMMA = YES;
				CLANG_WARN_CONSTANT_CONVERSION = YES;
				CLANG_WARN_DEPRECATED_OBJC_IMPLEMENTATIONS = YES;
				CLANG_WARN_DIRECT_OBJC_ISA_USAGE = YES_ERROR;
				CLANG_WARN_DOCUMENTATION_COMMENTS = YES;
				CLANG_WARN_EMPTY_BODY = YES;
				CLANG_WARN_ENUM_CONVERSION = YES;
				CLANG_WARN_INFINITE_RECURSION = YES;
				CLANG_WARN_INT_CONVERSION = YES;
				CLANG_WARN_NON_LITERAL_NULL_CONVERSION = YES;
				CLANG_WARN_OBJC_IMPLICIT_RETAIN_SELF = YES;
				CLANG_WARN_OBJC_LITERAL_CONVERSION = YES;
				CLANG_WARN_OBJC_ROOT_CLASS = YES_ERROR;
				CLANG_WARN_QUOTED_INCLUDE_IN_FRAMEWORK_HEADER = YES;
				CLANG_WARN_RANGE_LOOP_ANALYSIS = YES;
				CLANG_WARN_STRICT_PROTOTYPES = YES;
				CLANG_WARN_SUSPICIOUS_MOVE = YES;
				CLANG_WARN_UNGUARDED_AVAILABILITY = YES_AGGRESSIVE;
				CLANG_WARN_UNREACHABLE_CODE = YES;
				CLANG_WARN__DUPLICATE_METHOD_MATCH = YES;
				COPY_PHASE_STRIP = NO;
				DEBUG_INFORMATION_FORMAT = "dwarf-with-dsym";
				ENABLE_NS_ASSERTIONS = NO;
				ENABLE_STRICT_OBJC_MSGSEND = YES;
				GCC_C_LANGUAGE_STANDARD = gnu11;
				GCC_NO_COMMON_BLOCKS = YES;
				GCC_WARN_64_TO_32_BIT_CONVERSION = YES;
				GCC_WARN_ABOUT_RETURN_TYPE = YES_ERROR;
				GCC_WARN_UNDECLARED_SELECTOR = YES;
				GCC_WARN_UNINITIALIZED_AUTOS = YES_AGGRESSIVE;
				GCC_WARN_UNUSED_FUNCTION = YES;
				GCC_WARN_UNUSED_VARIABLE = YES;
				IPHONEOS_DEPLOYMENT_TARGET = 15.0;
				MTL_ENABLE_DEBUG_INFO = NO;
				MTL_FAST_MATH = YES;
				SDKROOT = iphoneos;
				SWIFT_COMPILATION_MODE = wholemodule;
				SWIFT_OPTIMIZATION_LEVEL = "-O";
				VALIDATE_PRODUCT = YES;
			};
			name = Release;
		};
		FCCCB4342723340B00EB9C1B /* Debug */ = {
			isa = XCBuildConfiguration;
			buildSettings = {
				ASSETCATALOG_COMPILER_APPICON_NAME = AppIcon;
				ASSETCATALOG_COMPILER_GLOBAL_ACCENT_COLOR_NAME = AccentColor;
				CODE_SIGN_STYLE = Automatic;
				CURRENT_PROJECT_VERSION = 1;
				DEVELOPMENT_TEAM = 9GK86MSB7G;
				GENERATE_INFOPLIST_FILE = YES;
				INFOPLIST_FILE = JSONPlaceholderTest/Info.plist;
				INFOPLIST_KEY_UIApplicationSupportsIndirectInputEvents = YES;
				INFOPLIST_KEY_UILaunchStoryboardName = LaunchScreen;
				INFOPLIST_KEY_UIMainStoryboardFile = Main;
				INFOPLIST_KEY_UISupportedInterfaceOrientations_iPad = "UIInterfaceOrientationPortrait UIInterfaceOrientationPortraitUpsideDown UIInterfaceOrientationLandscapeLeft UIInterfaceOrientationLandscapeRight";
				INFOPLIST_KEY_UISupportedInterfaceOrientations_iPhone = "UIInterfaceOrientationPortrait UIInterfaceOrientationLandscapeLeft UIInterfaceOrientationLandscapeRight";
				LD_RUNPATH_SEARCH_PATHS = (
					"$(inherited)",
					"@executable_path/Frameworks",
				);
				MARKETING_VERSION = 1.0;
				PRODUCT_BUNDLE_IDENTIFIER = com.olgashubina.JSONPlaceholderTest;
				PRODUCT_NAME = "$(TARGET_NAME)";
				SWIFT_EMIT_LOC_STRINGS = YES;
				SWIFT_VERSION = 5.0;
				TARGETED_DEVICE_FAMILY = "1,2";
			};
			name = Debug;
		};
		FCCCB4352723340B00EB9C1B /* Release */ = {
			isa = XCBuildConfiguration;
			buildSettings = {
				ASSETCATALOG_COMPILER_APPICON_NAME = AppIcon;
				ASSETCATALOG_COMPILER_GLOBAL_ACCENT_COLOR_NAME = AccentColor;
				CODE_SIGN_STYLE = Automatic;
				CURRENT_PROJECT_VERSION = 1;
				DEVELOPMENT_TEAM = 9GK86MSB7G;
				GENERATE_INFOPLIST_FILE = YES;
				INFOPLIST_FILE = JSONPlaceholderTest/Info.plist;
				INFOPLIST_KEY_UIApplicationSupportsIndirectInputEvents = YES;
				INFOPLIST_KEY_UILaunchStoryboardName = LaunchScreen;
				INFOPLIST_KEY_UIMainStoryboardFile = Main;
				INFOPLIST_KEY_UISupportedInterfaceOrientations_iPad = "UIInterfaceOrientationPortrait UIInterfaceOrientationPortraitUpsideDown UIInterfaceOrientationLandscapeLeft UIInterfaceOrientationLandscapeRight";
				INFOPLIST_KEY_UISupportedInterfaceOrientations_iPhone = "UIInterfaceOrientationPortrait UIInterfaceOrientationLandscapeLeft UIInterfaceOrientationLandscapeRight";
				LD_RUNPATH_SEARCH_PATHS = (
					"$(inherited)",
					"@executable_path/Frameworks",
				);
				MARKETING_VERSION = 1.0;
				PRODUCT_BUNDLE_IDENTIFIER = com.olgashubina.JSONPlaceholderTest;
				PRODUCT_NAME = "$(TARGET_NAME)";
				SWIFT_EMIT_LOC_STRINGS = YES;
				SWIFT_VERSION = 5.0;
				TARGETED_DEVICE_FAMILY = "1,2";
			};
			name = Release;
		};
/* End XCBuildConfiguration section */

/* Begin XCConfigurationList section */
		FCCCB41A2723340500EB9C1B /* Build configuration list for PBXProject "JSONPlaceholderTest" */ = {
			isa = XCConfigurationList;
			buildConfigurations = (
				FCCCB4312723340B00EB9C1B /* Debug */,
				FCCCB4322723340B00EB9C1B /* Release */,
			);
			defaultConfigurationIsVisible = 0;
			defaultConfigurationName = Release;
		};
		FCCCB4332723340B00EB9C1B /* Build configuration list for PBXNativeTarget "JSONPlaceholderTest" */ = {
			isa = XCConfigurationList;
			buildConfigurations = (
				FCCCB4342723340B00EB9C1B /* Debug */,
				FCCCB4352723340B00EB9C1B /* Release */,
			);
			defaultConfigurationIsVisible = 0;
			defaultConfigurationName = Release;
		};
/* End XCConfigurationList section */
	};
	rootObject = FCCCB4172723340500EB9C1B /* Project object */;
}
